
Microsoft Visual Studio Solution File, Format Version 12.00
# Visual Studio Version 17
VisualStudioVersion = 17.5.33530.505
MinimumVisualStudioVersion = 10.0.40219.1
Project("{FAE04EC0-301F-11D3-BF4B-00C04F79EFBC}") = "student_management_system", "student_management_system.csproj", "{F7417D18-44F1-44F5-A118-3B6D6402418C}"
EndProject
Global
	GlobalSection(SolutionConfigurationPlatforms) = preSolution
		Debug|Any CPU = Debug|Any CPU
		Release|Any CPU = Release|Any CPU
	EndGlobalSection
	GlobalSection(ProjectConfigurationPlatforms) = postSolution
		{F7417D18-44F1-44F5-A118-3B6D6402418C}.Debug|Any CPU.ActiveCfg = Debug|Any CPU
		{F7417D18-44F1-44F5-A118-3B6D6402418C}.Debug|Any CPU.Build.0 = Debug|Any CPU
		{F7417D18-44F1-44F5-A118-3B6D6402418C}.Release|Any CPU.ActiveCfg = Release|Any CPU
		{F7417D18-44F1-44F5-A118-3B6D6402418C}.Release|Any CPU.Build.0 = Release|Any CPU
	EndGlobalSection
	GlobalSection(SolutionProperties) = preSolution
		HideSolutionNode = FALSE
	EndGlobalSection
	GlobalSection(ExtensibilityGlobals) = postSolution
		SolutionGuid = {19A9064D-1E71-4D50-A05C-CC7FC6B8713B}
	EndGlobalSection
EndGlobal
